
Microsoft Visual Studio Solution File, Format Version 12.00
# Visual Studio Version 17
VisualStudioVersion = 17.2.32516.85
MinimumVisualStudioVersion = 10.0.40219.1
Project("{FAE04EC0-301F-11D3-BF4B-00C04F79EFBC}") = "AssessmentTestlet", "AssessmentTestlet\AssessmentTestlet.csproj", "{8BF14CB9-D0B3-4AB5-A363-E8A7A92A7159}"
EndProject
Project("{FAE04EC0-301F-11D3-BF4B-00C04F79EFBC}") = "AssessmentTestlet.UnitTests", "AssessmentTestlet.UnitTests\AssessmentTestlet.UnitTests.csproj", "{F4B337C9-3253-40D1-B02A-AEC70E8BBD61}"
EndProject
Global
	GlobalSection(SolutionConfigurationPlatforms) = preSolution
		Debug|Any CPU = Debug|Any CPU
		Release|Any CPU = Release|Any CPU
	EndGlobalSection
	GlobalSection(ProjectConfigurationPlatforms) = postSolution
		{8BF14CB9-D0B3-4AB5-A363-E8A7A92A7159}.Debug|Any CPU.ActiveCfg = Debug|Any CPU
		{8BF14CB9-D0B3-4AB5-A363-E8A7A92A7159}.Debug|Any CPU.Build.0 = Debug|Any CPU
		{8BF14CB9-D0B3-4AB5-A363-E8A7A92A7159}.Release|Any CPU.ActiveCfg = Release|Any CPU
		{8BF14CB9-D0B3-4AB5-A363-E8A7A92A7159}.Release|Any CPU.Build.0 = Release|Any CPU
		{F4B337C9-3253-40D1-B02A-AEC70E8BBD61}.Debug|Any CPU.ActiveCfg = Debug|Any CPU
		{F4B337C9-3253-40D1-B02A-AEC70E8BBD61}.Debug|Any CPU.Build.0 = Debug|Any CPU
		{F4B337C9-3253-40D1-B02A-AEC70E8BBD61}.Release|Any CPU.ActiveCfg = Release|Any CPU
		{F4B337C9-3253-40D1-B02A-AEC70E8BBD61}.Release|Any CPU.Build.0 = Release|Any CPU
	EndGlobalSection
	GlobalSection(SolutionProperties) = preSolution
		HideSolutionNode = FALSE
	EndGlobalSection
	GlobalSection(ExtensibilityGlobals) = postSolution
		SolutionGuid = {7DEADAB0-9B6F-4162-B6C5-D29E96EFD1D0}
	EndGlobalSection
EndGlobal
